
Microsoft Visual Studio Solution File, Format Version 12.00
# Visual Studio Version 17
VisualStudioVersion = 17.4.33213.308
MinimumVisualStudioVersion = 10.0.40219.1
Project("{FAE04EC0-301F-11D3-BF4B-00C04F79EFBC}") = "Library.API", "Library.API\Library.API.csproj", "{2842740E-CB43-4D0E-878E-3FE857393F5A}"
EndProject
Project("{FAE04EC0-301F-11D3-BF4B-00C04F79EFBC}") = "LibraryManagement.DAL", "LibraryManagement.DAL\LibraryManagement.DAL.csproj", "{0DC882EF-B744-4B83-B010-A02C413F5197}"
EndProject
Project("{FAE04EC0-301F-11D3-BF4B-00C04F79EFBC}") = "Library.BAL", "Library.BAL\Library.BAL.csproj", "{EA3D75EB-7FD8-43F8-BE76-A1AC3D229F53}"
EndProject
Global
	GlobalSection(SolutionConfigurationPlatforms) = preSolution
		Debug|Any CPU = Debug|Any CPU
		Release|Any CPU = Release|Any CPU
	EndGlobalSection
	GlobalSection(ProjectConfigurationPlatforms) = postSolution
		{2842740E-CB43-4D0E-878E-3FE857393F5A}.Debug|Any CPU.ActiveCfg = Debug|Any CPU
		{2842740E-CB43-4D0E-878E-3FE857393F5A}.Debug|Any CPU.Build.0 = Debug|Any CPU
		{2842740E-CB43-4D0E-878E-3FE857393F5A}.Release|Any CPU.ActiveCfg = Release|Any CPU
		{2842740E-CB43-4D0E-878E-3FE857393F5A}.Release|Any CPU.Build.0 = Release|Any CPU
		{0DC882EF-B744-4B83-B010-A02C413F5197}.Debug|Any CPU.ActiveCfg = Debug|Any CPU
		{0DC882EF-B744-4B83-B010-A02C413F5197}.Debug|Any CPU.Build.0 = Debug|Any CPU
		{0DC882EF-B744-4B83-B010-A02C413F5197}.Release|Any CPU.ActiveCfg = Release|Any CPU
		{0DC882EF-B744-4B83-B010-A02C413F5197}.Release|Any CPU.Build.0 = Release|Any CPU
		{EA3D75EB-7FD8-43F8-BE76-A1AC3D229F53}.Debug|Any CPU.ActiveCfg = Debug|Any CPU
		{EA3D75EB-7FD8-43F8-BE76-A1AC3D229F53}.Debug|Any CPU.Build.0 = Debug|Any CPU
		{EA3D75EB-7FD8-43F8-BE76-A1AC3D229F53}.Release|Any CPU.ActiveCfg = Release|Any CPU
		{EA3D75EB-7FD8-43F8-BE76-A1AC3D229F53}.Release|Any CPU.Build.0 = Release|Any CPU
	EndGlobalSection
	GlobalSection(SolutionProperties) = preSolution
		HideSolutionNode = FALSE
	EndGlobalSection
	GlobalSection(ExtensibilityGlobals) = postSolution
		SolutionGuid = {C736C206-EC1C-4005-8F57-F701B8505BAC}
	EndGlobalSection
EndGlobal
